
Microsoft Visual Studio Solution File, Format Version 12.00
# Visual Studio 15
VisualStudioVersion = 15.0.28307.1300
MinimumVisualStudioVersion = 10.0.40219.1
Project("{8BC9CEB8-8B4A-11D0-8D11-00A0C91BC942}") = "GameClass_1207", "GameClass_1207\GameClass_1207.vcxproj", "{1ED1AD98-3C2C-41CE-B73A-A5CCD93AB9B2}"
EndProject
Global
	GlobalSection(SolutionConfigurationPlatforms) = preSolution
		Debug|x64 = Debug|x64
		Debug|x86 = Debug|x86
		Release|x64 = Release|x64
		Release|x86 = Release|x86
	EndGlobalSection
	GlobalSection(ProjectConfigurationPlatforms) = postSolution
		{1ED1AD98-3C2C-41CE-B73A-A5CCD93AB9B2}.Debug|x64.ActiveCfg = Debug|x64
		{1ED1AD98-3C2C-41CE-B73A-A5CCD93AB9B2}.Debug|x64.Build.0 = Debug|x64
		{1ED1AD98-3C2C-41CE-B73A-A5CCD93AB9B2}.Debug|x86.ActiveCfg = Debug|Win32
		{1ED1AD98-3C2C-41CE-B73A-A5CCD93AB9B2}.Debug|x86.Build.0 = Debug|Win32
		{1ED1AD98-3C2C-41CE-B73A-A5CCD93AB9B2}.Release|x64.ActiveCfg = Release|x64
		{1ED1AD98-3C2C-41CE-B73A-A5CCD93AB9B2}.Release|x64.Build.0 = Release|x64
		{1ED1AD98-3C2C-41CE-B73A-A5CCD93AB9B2}.Release|x86.ActiveCfg = Release|Win32
		{1ED1AD98-3C2C-41CE-B73A-A5CCD93AB9B2}.Release|x86.Build.0 = Release|Win32
	EndGlobalSection
	GlobalSection(SolutionProperties) = preSolution
		HideSolutionNode = FALSE
	EndGlobalSection
	GlobalSection(ExtensibilityGlobals) = postSolution
		SolutionGuid = {E52EE84A-CDEE-48FA-8A68-E9FABB28DB53}
	EndGlobalSection
EndGlobal
